github.com/BurntSushi/toml v0.3.1 h1:WXkYYl6Yr3qBf1K79EBnL4mak0OimBfB0XUf9Vl28OQ=
github.com/BurntSushi/toml v0.3.1/go.mod h1:xHWCNGjB5oqiDr8zfno3MHue2Ht5sIBksp03qcyfWMU=
github.com/DataManager-Go/libdatamanager v1.0.5 h1:kZaN7QrsA0TLUlqhotFv7/X/13J9HbUx6BzQ05zAATs=
github.com/DataManager-Go/libdatamanager v1.0.5/go.mod h1:wlOVMjwC9wT1Rd/4dEKyGu/y3g0/33sktDGNUO0x+b4=
github.com/DataManager-Go/libdatamanager v1.0.7 h1:Qe60+QihekiCwnrOKU4hZt5cIPrHAE1wQKHznMAM2TA=
github.com/DataManager-Go/libdatamanager v1.0.7/go.mod h1:wlOVMjwC9wT1Rd/4dEKyGu/y3g0/33sktDGNUO0x+b4=
github.com/JojiiOfficial/configService v0.0.0-20200219132202-6e71512e2e28 h1:nYoIExG+Z/gSLS9Jbpu6lnrh+m6e9gTxQfGhanTsExE=
github.com/JojiiOfficial/configService v0.0.0-20200219132202-6e71512e2e28/go.mod h1:j1kHFoYWAbLRPE5nyAAtODwUc0xwd2+ifPZ3uCAgv/g=
github.com/JojiiOfficial/gaw v1.2.0 h1:qIu6xVtCvd4yhAfI0MGGr5CPus0hpY+eFUDUGqc/sYQ=
github.com/JojiiOfficial/gaw v1.2.0/go.mod h1:Y0hrpN0iX0L5bBf/8+kIER7R/m4GTNuKkifXisMG4S4=
github.com/akavel/rsrc v0.8.0 h1:zjWn7ukO9Kc5Q62DOJCcxGpXC18RawVtYAGdz2aLlfw=
github.com/akavel/rsrc v0.8.0/go.mod h1:uLoCtb9J+EyAqh+26kdrTgmzRBFPGOolLWKpdxkKq+c=
github.com/asticode/go-astikit v0.4.0/go.mod h1:h4ly7idim1tNhaVkdVBeXQZEE3L0xblP7fCWbgwipF0=
github.com/asticode/go-astikit v0.5.0 h1:4dKxE6yVS+5zmHcGxCix4v68jU+FFZvgijQfgmz2yqQ=
github.com/asticode/go-astikit v0.5.0/go.mod h1:h4ly7idim1tNhaVkdVBeXQZEE3L0xblP7fCWbgwipF0=
github.com/asticode/go-astilectron v0.13.1 h1:vlU0T8lYDv7dfOHr6cwpghtSjzWYu73SZXy6pakg60w=
github.com/asticode/go-astilectron v0.13.1/go.mod h1:D5O16BpDty8+HDSLzOslGU7g8VOhbLd4+Rx1NDH4qi4=
github.com/asticode/go-astilectron-bootstrap v0.3.4 h1:Ncxw90ChHN60lPQ1h9o7QcubUTFX9vz4VeUkxKVJK0Y=
github.com/asticode/go-astilectron-bootstrap v0.3.4/go.mod h1:Ctnhn8jH8Q8cP3BnLfoHbwRD+RlyUBF1JoIAdz/Xoa4=
github.com/asticode/go-astilectron-bundler v0.5.2 h1:JC4UBDr28vVY8gk4A/wag8BW0gvAd6z4MGUM/D7NXw4=
github.com/asticode/go-astilectron-bundler v0.5.2/go.mod h1:V1VInmdndq/Kd+45cOh4fa9fARNZSCpXqxDznbh+lO0=
github.com/asticode/go-bindata v1.0.0 h1:5whO0unjdx2kbAbzoBMS3307jKAEf3oQ1lJcx5RdgA8=
github.com/asticode/go-bindata v1.0.0/go.mod h1:t/Y+/iCLrvaYkv8Y6PscRnyUeYzy9y9+8JC9CMcKdHY=
github.com/davecgh/go-spew v1.1.0/go.mod h1:J7Y8YcW2NihsgmVo/mv3lAwl/skON4iLHjSsI+c5H38=
github.com/davecgh/go-spew v1.1.1 h1:vj9j/u1bqnvCEfJOwUhtlOARqs3+rkHYY13jYWTU97c=
github.com/davecgh/go-spew v1.1.1/go.mod h1:J7Y8YcW2NihsgmVo/mv3lAwl/skON4iLHjSsI+c5H38=
github.com/denisbrodbeck/machineid v1.0.1 h1:geKr9qtkB876mXguW2X6TU4ZynleN6ezuMSRhl4D7AQ=
github.com/denisbrodbeck/machineid v1.0.1/go.mod h1:dJUwb7PTidGDeYyUBmXZ2GphQBbjJCrnectwCyxcUSI=
github.com/pmezard/go-difflib v1.0.0 h1:4DBwDE0NGyQoBHbLQYPwSUPoCMWR5BEzIk/f1lZbAQM=
github.com/pmezard/go-difflib v1.0.0/go.mod h1:iKH77koFhYxTK1pcRnkKkqfTogsbg7gZNVY4sRDYZ/4=
github.com/sam-kamerer/go-plister v1.2.0 h1:ZdEF1bhPUoGzwz5eFljw2K/A+oRXq/81jul/A3CHKEY=
github.com/sam-kamerer/go-plister v1.2.0/go.mod h1:gTt1Ko2oTA5bfDYsNcLjRGyyx6LPxHIeo0ZTtTRZG2I=
github.com/stretchr/objx v0.1.0/go.mod h1:HFkY916IF+rwdDfMAkV7OtwuqBVzrE8GR6GFx+wExME=
github.com/stretchr/testify v1.4.0 h1:2E4SXV/wtOkTonXsotYi4li6zVWxYlZuYNCXe9XRJyk=
github.com/stretchr/testify v1.4.0/go.mod h1:j7eGeouHqKxXV5pUuKE4zz7dFj8WfuZ+81PSLYec5m4=
golang.org/x/sys v0.0.0-20200331124033-c3d80250170d h1:nc5K6ox/4lTFbMVSL9WRR81ixkcwXThoiF6yf+R9scA=
golang.org/x/sys v0.0.0-20200331124033-c3d80250170d/go.mod h1:h1NjWce9XRLGQEsW7wpKNCjG9DtNlClVuFLEZdDNbEs=
gopkg.in/check.v1 v0.0.0-20161208181325-20d25e280405 h1:yhCVgyC4o1eVCa2tZl7eS0r+SDo693bJlVdllGtEeKM=
gopkg.in/check.v1 v0.0.0-20161208181325-20d25e280405/go.mod h1:Co6ibVJAznAaIkqp8huTwlJQCZ016jof/cbN4VW5Yz0=
gopkg.in/yaml.v2 v2.2.2/go.mod h1:hI93XBmqTisBFMUTm0b8Fm+jr3Dg1NNxqwp+5A1VGuI=
gopkg.in/yaml.v2 v2.2.8 h1:obN1ZagJSUGI0Ek/LBmuj4SNLPfIny3KsKFopxRdj10=
gopkg.in/yaml.v2 v2.2.8/go.mod h1:hI93XBmqTisBFMUTm0b8Fm+jr3Dg1NNxqwp+5A1VGuI=
